
Microsoft Visual Studio Solution File, Format Version 12.00
# Visual Studio Version 17
VisualStudioVersion = 17.1.32407.343
MinimumVisualStudioVersion = 10.0.40219.1
Project("{FAE04EC0-301F-11D3-BF4B-00C04F79EFBC}") = "BookStoreWeb", "BookStoreWeb.csproj", "{9CB44A29-C5E2-4672-9C05-CE40BC0E81F2}"
EndProject
Global
	GlobalSection(SolutionConfigurationPlatforms) = preSolution
		Debug|Any CPU = Debug|Any CPU
		Release|Any CPU = Release|Any CPU
	EndGlobalSection
	GlobalSection(ProjectConfigurationPlatforms) = postSolution
		{9CB44A29-C5E2-4672-9C05-CE40BC0E81F2}.Debug|Any CPU.ActiveCfg = Debug|Any CPU
		{9CB44A29-C5E2-4672-9C05-CE40BC0E81F2}.Debug|Any CPU.Build.0 = Debug|Any CPU
		{9CB44A29-C5E2-4672-9C05-CE40BC0E81F2}.Release|Any CPU.ActiveCfg = Release|Any CPU
		{9CB44A29-C5E2-4672-9C05-CE40BC0E81F2}.Release|Any CPU.Build.0 = Release|Any CPU
	EndGlobalSection
	GlobalSection(SolutionProperties) = preSolution
		HideSolutionNode = FALSE
	EndGlobalSection
	GlobalSection(ExtensibilityGlobals) = postSolution
		SolutionGuid = {D0D8288C-909A-443A-BE7C-B870C856BABF}
	EndGlobalSection
EndGlobal
